
Microsoft Visual Studio Solution File, Format Version 12.00
# Visual Studio Version 17
VisualStudioVersion = 17.6.33723.286
MinimumVisualStudioVersion = 10.0.40219.1
Project("{8BC9CEB8-8B4A-11D0-8D11-00A0C91BC942}") = "draw_manager", "draw_manager.vcxproj", "{8CE5580D-C1FE-4518-B95B-6C86091F0937}"
EndProject
Global
	GlobalSection(SolutionConfigurationPlatforms) = preSolution
		Debug_DX11|x64 = Debug_DX11|x64
		Debug_DX11|x86 = Debug_DX11|x86
		Debug|x64 = Debug|x64
		Debug|x86 = Debug|x86
		Release_DX11|x64 = Release_DX11|x64
		Release_DX11|x86 = Release_DX11|x86
		Release|x64 = Release|x64
		Release|x86 = Release|x86
	EndGlobalSection
	GlobalSection(ProjectConfigurationPlatforms) = postSolution
		{8CE5580D-C1FE-4518-B95B-6C86091F0937}.Debug_DX11|x64.ActiveCfg = Debug_DX11|x64
		{8CE5580D-C1FE-4518-B95B-6C86091F0937}.Debug_DX11|x64.Build.0 = Debug_DX11|x64
		{8CE5580D-C1FE-4518-B95B-6C86091F0937}.Debug_DX11|x86.ActiveCfg = Debug_DX11|Win32
		{8CE5580D-C1FE-4518-B95B-6C86091F0937}.Debug_DX11|x86.Build.0 = Debug_DX11|Win32
		{8CE5580D-C1FE-4518-B95B-6C86091F0937}.Debug|x64.ActiveCfg = Debug|x64
		{8CE5580D-C1FE-4518-B95B-6C86091F0937}.Debug|x64.Build.0 = Debug|x64
		{8CE5580D-C1FE-4518-B95B-6C86091F0937}.Debug|x86.ActiveCfg = Debug|Win32
		{8CE5580D-C1FE-4518-B95B-6C86091F0937}.Debug|x86.Build.0 = Debug|Win32
		{8CE5580D-C1FE-4518-B95B-6C86091F0937}.Release_DX11|x64.ActiveCfg = Release_DX11|x64
		{8CE5580D-C1FE-4518-B95B-6C86091F0937}.Release_DX11|x64.Build.0 = Release_DX11|x64
		{8CE5580D-C1FE-4518-B95B-6C86091F0937}.Release_DX11|x86.ActiveCfg = Release_DX11|Win32
		{8CE5580D-C1FE-4518-B95B-6C86091F0937}.Release_DX11|x86.Build.0 = Release_DX11|Win32
		{8CE5580D-C1FE-4518-B95B-6C86091F0937}.Release|x64.ActiveCfg = Release|x64
		{8CE5580D-C1FE-4518-B95B-6C86091F0937}.Release|x64.Build.0 = Release|x64
		{8CE5580D-C1FE-4518-B95B-6C86091F0937}.Release|x86.ActiveCfg = Release|Win32
		{8CE5580D-C1FE-4518-B95B-6C86091F0937}.Release|x86.Build.0 = Release|Win32
	EndGlobalSection
	GlobalSection(SolutionProperties) = preSolution
		HideSolutionNode = FALSE
	EndGlobalSection
	GlobalSection(ExtensibilityGlobals) = postSolution
		SolutionGuid = {D6CFE3DD-3791-4572-97C2-1834F5D52B35}
	EndGlobalSection
EndGlobal
