<?xml version="1.0" encoding="utf-8"?>
<Project ToolsVersion="4.0" xmlns="http://schemas.microsoft.com/developer/msbuild/2003">
  <ItemGroup>
    <Filter Include="Source Files">
      <UniqueIdentifier>{4FC737F1-C7A5-4376-A066-2A32D752A2FF}</UniqueIdentifier>
      <Extensions>cpp;c;cc;cxx;def;odl;idl;hpj;bat;asm;asmx</Extensions>
    </Filter>
    <Filter Include="Header Files">
      <UniqueIdentifier>{93995380-89BD-4b04-88EB-625FBE52EBFB}</UniqueIdentifier>
      <Extensions>h;hh;hpp;hxx;hm;inl;inc;ipp;xsd</Extensions>
    </Filter>
    <Filter Include="Resource Files">
      <UniqueIdentifier>{67DA6AB6-F800-4c08-8B7A-83BB121AAD01}</UniqueIdentifier>
      <Extensions>rc;ico;cur;bmp;dlg;rc2;rct;bin;rgs;gif;jpg;jpeg;jpe;resx;tiff;tif;png;wav;mfcribbon-ms</Extensions>
    </Filter>
  </ItemGroup>
  <ItemGroup>
    <ClCompile Include="main.cpp">
      <Filter>Source Files</Filter>
    </ClCompile>
    <ClCompile Include="impl\d3d9_manager.cpp">
      <Filter>Source Files</Filter>
    </ClCompile>
    <ClCompile Include="draw_manager.cpp">
      <Filter>Source Files</Filter>
    </ClCompile>
    <ClCompile Include="font.cpp">
      <Filter>Source Files</Filter>
    </ClCompile>
    <ClCompile Include="impl\tex_dict.cpp">
      <Filter>Source Files</Filter>
    </ClCompile>
    <ClCompile Include="impl\shaders\d3d9\pixel\scissor_blur_y.hlsl">
      <Filter>Source Files</Filter>
    </ClCompile>
  </ItemGroup>
  <ItemGroup>
    <ClInclude Include="impl\d3d9_manager.hpp">
      <Filter>Header Files</Filter>
    </ClInclude>
    <ClInclude Include="impl\shaders.hpp">
      <Filter>Header Files</Filter>
    </ClInclude>
    <ClInclude Include="draw_manager.hpp">
      <Filter>Header Files</Filter>
    </ClInclude>
    <ClInclude Include="font.hpp">
      <Filter>Header Files</Filter>
    </ClInclude>
    <ClInclude Include="math.h">
      <Filter>Header Files</Filter>
    </ClInclude>
    <ClInclude Include="impl\tex_dict.h">
      <Filter>Header Files</Filter>
    </ClInclude>
  </ItemGroup>
  <ItemGroup>
    <None Include="impl\shaders\d3d9\include\blur.hlsli" />
    <None Include="impl\shaders\d3d9\include\types.hlsli" />
    <None Include="impl\shaders\d3d9\include\scissor_blur.hlsli" />
  </ItemGroup>
  <ItemGroup>
    <FxCompile Include="impl\shaders\d3d9\pixel\blur_x.hlsl" />
    <FxCompile Include="impl\shaders\d3d9\pixel\blur_y.hlsl" />
    <FxCompile Include="impl\shaders\d3d9\pixel\key.hlsl" />
    <FxCompile Include="impl\shaders\d3d9\pixel\scissor_blur_x.hlsl" />
    <FxCompile Include="impl\shaders\d3d9\pixel\scissor_key.hlsl" />
    <FxCompile Include="impl\shaders\d3d9\pixel\scissor.hlsl" />
    <FxCompile Include="impl\shaders\d3d9\vertex\generic.hlsl" />
  </ItemGroup>
</Project>